// !$*UTF8*$!
{
	archiveVersion = 1;
	classes = {
	};
	objectVersion = 46;
	objects = {

/* Begin PBXBuildFile section */
		43687F151F40198C00526659 /* AppDelegate.swift in Sources */ = {isa = PBXBuildFile; fileRef = 43687F141F40198C00526659 /* AppDelegate.swift */; };
		43687F171F40198C00526659 /* ViewController.swift in Sources */ = {isa = PBXBuildFile; fileRef = 43687F161F40198C00526659 /* ViewController.swift */; };
		43687F1A1F40198C00526659 /* Main.storyboard in Resources */ = {isa = PBXBuildFile; fileRef = 43687F181F40198C00526659 /* Main.storyboard */; };
		43687F1C1F40198C00526659 /* Assets.xcassets in Resources */ = {isa = PBXBuildFile; fileRef = 43687F1B1F40198C00526659 /* Assets.xcassets */; };
		43687F1F1F40198C00526659 /* LaunchScreen.storyboard in Resources */ = {isa = PBXBuildFile; fileRef = 43687F1D1F40198C00526659 /* LaunchScreen.storyboard */; };
		43687F2D1F401CB400526659 /* 0.png in Resources */ = {isa = PBXBuildFile; fileRef = 43687F291F401CB400526659 /* 0.png */; };
		43687F2E1F401CB400526659 /* 2.png in Resources */ = {isa = PBXBuildFile; fileRef = 43687F2A1F401CB400526659 /* 2.png */; };
		43687F2F1F401CB400526659 /* 1.png in Resources */ = {isa = PBXBuildFile; fileRef = 43687F2B1F401CB400526659 /* 1.png */; };
		43687F361F402E3500526659 /* books.txt in Resources */ = {isa = PBXBuildFile; fileRef = 43687F351F402E3500526659 /* books.txt */; };
		43687F391F402E9500526659 /* img.txt in Resources */ = {isa = PBXBuildFile; fileRef = 43687F371F402E9500526659 /* img.txt */; };
		43687F3A1F402E9500526659 /* content.txt in Resources */ = {isa = PBXBuildFile; fileRef = 43687F381F402E9500526659 /* content.txt */; };
/* End PBXBuildFile section */

/* Begin PBXFileReference section */
		43687F111F40198C00526659 /* readFile.app */ = {isa = PBXFileReference; explicitFileType = wrapper.application; includeInIndex = 0; path = readFile.app; sourceTree = BUILT_PRODUCTS_DIR; };
		43687F141F40198C00526659 /* AppDelegate.swift */ = {isa = PBXFileReference; lastKnownFileType = sourcecode.swift; path = AppDelegate.swift; sourceTree = "<group>"; };
		43687F161F40198C00526659 /* ViewController.swift */ = {isa = PBXFileReference; lastKnownFileType = sourcecode.swift; path = ViewController.swift; sourceTree = "<group>"; };
		43687F191F40198C00526659 /* Base */ = {isa = PBXFileReference; lastKnownFileType = file.storyboard; name = Base; path = Base.lproj/Main.storyboard; sourceTree = "<group>"; };
		43687F1B1F40198C00526659 /* Assets.xcassets */ = {isa = PBXFileReference; lastKnownFileType = folder.assetcatalog; path = Assets.xcassets; sourceTree = "<group>"; };
		43687F1E1F40198C00526659 /* Base */ = {isa = PBXFileReference; lastKnownFileType = file.storyboard; name = Base; path = Base.lproj/LaunchScreen.storyboard; sourceTree = "<group>"; };
		43687F201F40198C00526659 /* Info.plist */ = {isa = PBXFileReference; lastKnownFileType = text.plist.xml; path = Info.plist; sourceTree = "<group>"; };
		43687F291F401CB400526659 /* 0.png */ = {isa = PBXFileReference; lastKnownFileType = image.png; path = 0.png; sourceTree = "<group>"; };
		43687F2A1F401CB400526659 /* 2.png */ = {isa = PBXFileReference; lastKnownFileType = image.png; path = 2.png; sourceTree = "<group>"; };
		43687F2B1F401CB400526659 /* 1.png */ = {isa = PBXFileReference; lastKnownFileType = image.png; path = 1.png; sourceTree = "<group>"; };
		43687F351F402E3500526659 /* books.txt */ = {isa = PBXFileReference; fileEncoding = 4; lastKnownFileType = text; path = books.txt; sourceTree = "<group>"; };
		43687F371F402E9500526659 /* img.txt */ = {isa = PBXFileReference; fileEncoding = 4; lastKnownFileType = text; path = img.txt; sourceTree = "<group>"; };
		43687F381F402E9500526659 /* content.txt */ = {isa = PBXFileReference; fileEncoding = 4; lastKnownFileType = text; path = content.txt; sourceTree = "<group>"; };
/* End PBXFileReference section */

/* Begin PBXFrameworksBuildPhase section */
		43687F0E1F40198C00526659 /* Frameworks */ = {
			isa = PBXFrameworksBuildPhase;
			buildActionMask = 2147483647;
			files = (
			);
			runOnlyForDeploymentPostprocessing = 0;
		};
/* End PBXFrameworksBuildPhase section */

/* Begin PBXGroup section */
		43687F081F40198C00526659 = {
			isa = PBXGroup;
			children = (
				43687F131F40198C00526659 /* readFile */,
				43687F121F40198C00526659 /* Products */,
			);
			sourceTree = "<group>";
		};
		43687F121F40198C00526659 /* Products */ = {
			isa = PBXGroup;
			children = (
				43687F111F40198C00526659 /* readFile.app */,
			);
			name = Products;
			sourceTree = "<group>";
		};
		43687F131F40198C00526659 /* readFile */ = {
			isa = PBXGroup;
			children = (
				43687F281F401CA700526659 /* res */,
				43687F141F40198C00526659 /* AppDelegate.swift */,
				43687F161F40198C00526659 /* ViewController.swift */,
				43687F181F40198C00526659 /* Main.storyboard */,
				43687F1B1F40198C00526659 /* Assets.xcassets */,
				43687F1D1F40198C00526659 /* LaunchScreen.storyboard */,
				43687F201F40198C00526659 /* Info.plist */,
			);
			path = readFile;
			sourceTree = "<group>";
		};
		43687F281F401CA700526659 /* res */ = {
			isa = PBXGroup;
			children = (
				43687F371F402E9500526659 /* img.txt */,
				43687F381F402E9500526659 /* content.txt */,
				43687F351F402E3500526659 /* books.txt */,
				43687F291F401CB400526659 /* 0.png */,
				43687F2A1F401CB400526659 /* 2.png */,
				43687F2B1F401CB400526659 /* 1.png */,
			);
			name = res;
			sourceTree = "<group>";
		};
/* End PBXGroup section */

/* Begin PBXNativeTarget section */
		43687F101F40198C00526659 /* readFile */ = {
			isa = PBXNativeTarget;
			buildConfigurationList = 43687F231F40198C00526659 /* Build configuration list for PBXNativeTarget "readFile" */;
			buildPhases = (
				43687F0D1F40198C00526659 /* Sources */,
				43687F0E1F40198C00526659 /* Frameworks */,
				43687F0F1F40198C00526659 /* Resources */,
			);
			buildRules = (
			);
			dependencies = (
			);
			name = readFile;
			productName = readFile;
			productReference = 43687F111F40198C00526659 /* readFile.app */;
			productType = "com.apple.product-type.application";
		};
/* End PBXNativeTarget section */

/* Begin PBXProject section */
		43687F091F40198C00526659 /* Project object */ = {
			isa = PBXProject;
			attributes = {
				LastSwiftUpdateCheck = 0830;
				LastUpgradeCheck = 0830;
				ORGANIZATIONNAME = LCC;
				TargetAttributes = {
					43687F101F40198C00526659 = {
						CreatedOnToolsVersion = 8.3.2;
						ProvisioningStyle = Automatic;
					};
				};
			};
			buildConfigurationList = 43687F0C1F40198C00526659 /* Build configuration list for PBXProject "readFile" */;
			compatibilityVersion = "Xcode 3.2";
			developmentRegion = English;
			hasScannedForEncodings = 0;
			knownRegions = (
				en,
				Base,
			);
			mainGroup = 43687F081F40198C00526659;
			productRefGroup = 43687F121F40198C00526659 /* Products */;
			projectDirPath = "";
			projectRoot = "";
			targets = (
				43687F101F40198C00526659 /* readFile */,
			);
		};
/* End PBXProject section */

/* Begin PBXResourcesBuildPhase section */
		43687F0F1F40198C00526659 /* Resources */ = {
			isa = PBXResourcesBuildPhase;
			buildActionMask = 2147483647;
			files = (
				43687F2D1F401CB400526659 /* 0.png in Resources */,
				43687F1F1F40198C00526659 /* LaunchScreen.storyboard in Resources */,
				43687F391F402E9500526659 /* img.txt in Resources */,
				43687F361F402E3500526659 /* books.txt in Resources */,
				43687F2E1F401CB400526659 /* 2.png in Resources */,
				43687F2F1F401CB400526659 /* 1.png in Resources */,
				43687F3A1F402E9500526659 /* content.txt in Resources */,
				43687F1C1F40198C00526659 /* Assets.xcassets in Resources */,
				43687F1A1F40198C00526659 /* Main.storyboard in Resources */,
			);
			runOnlyForDeploymentPostprocessing = 0;
		};
/* End PBXResourcesBuildPhase section */

/* Begin PBXSourcesBuildPhase section */
		43687F0D1F40198C00526659 /* Sources */ = {
			isa = PBXSourcesBuildPhase;
			buildActionMask = 2147483647;
			files = (
				43687F171F40198C00526659 /* ViewController.swift in Sources */,
				43687F151F40198C00526659 /* AppDelegate.swift in Sources */,
			);
			runOnlyForDeploymentPostprocessing = 0;
		};
/* End PBXSourcesBuildPhase section */

/* Begin PBXVariantGroup section */
		43687F181F40198C00526659 /* Main.storyboard */ = {
			isa = PBXVariantGroup;
			children = (
				43687F191F40198C00526659 /* Base */,
			);
			name = Main.storyboard;
			sourceTree = "<group>";
		};
		43687F1D1F40198C00526659 /* LaunchScreen.storyboard */ = {
			isa = PBXVariantGroup;
			children = (
				43687F1E1F40198C00526659 /* Base */,
			);
			name = LaunchScreen.storyboard;
			sourceTree = "<group>";
		};
/* End PBXVariantGroup section */

/* Begin XCBuildConfiguration section */
		43687F211F40198C00526659 /* Debug */ = {
			isa = XCBuildConfiguration;
			buildSettings = {
				ALWAYS_SEARCH_USER_PATHS = NO;
				CLANG_ANALYZER_NONNULL = YES;
				CLANG_ANALYZER_NUMBER_OBJECT_CONVERSION = YES_AGGRESSIVE;
				CLANG_CXX_LANGUAGE_STANDARD = "gnu++0x";
				CLANG_CXX_LIBRARY = "libc++";
				CLANG_ENABLE_MODULES = YES;
				CLANG_ENABLE_OBJC_ARC = YES;
				CLANG_WARN_BOOL_CONVERSION = YES;
				CLANG_WARN_CONSTANT_CONVERSION = YES;
				CLANG_WARN_DIRECT_OBJC_ISA_USAGE = YES_ERROR;
				CLANG_WARN_DOCUMENTATION_COMMENTS = YES;
				CLANG_WARN_EMPTY_BODY = YES;
				CLANG_WARN_ENUM_CONVERSION = YES;
				CLANG_WARN_INFINITE_RECURSION = YES;
				CLANG_WARN_INT_CONVERSION = YES;
				CLANG_WARN_OBJC_ROOT_CLASS = YES_ERROR;
				CLANG_WARN_SUSPICIOUS_MOVE = YES;
				CLANG_WARN_UNREACHABLE_CODE = YES;
				CLANG_WARN__DUPLICATE_METHOD_MATCH = YES;
				"CODE_SIGN_IDENTITY[sdk=iphoneos*]" = "iPhone Developer";
				COPY_PHASE_STRIP = NO;
				DEBUG_INFORMATION_FORMAT = dwarf;
				ENABLE_STRICT_OBJC_MSGSEND = YES;
				ENABLE_TESTABILITY = YES;
				GCC_C_LANGUAGE_STANDARD = gnu99;
				GCC_DYNAMIC_NO_PIC = NO;
				GCC_NO_COMMON_BLOCKS = YES;
				GCC_OPTIMIZATION_LEVEL = 0;
				GCC_PREPROCESSOR_DEFINITIONS = (
					"DEBUG=1",
					"$(inherited)",
				);
				GCC_WARN_64_TO_32_BIT_CONVERSION = YES;
				GCC_WARN_ABOUT_RETURN_TYPE = YES_ERROR;
				GCC_WARN_UNDECLARED_SELECTOR = YES;
				GCC_WARN_UNINITIALIZED_AUTOS = YES_AGGRESSIVE;
				GCC_WARN_UNUSED_FUNCTION = YES;
				GCC_WARN_UNUSED_VARIABLE = YES;
				IPHONEOS_DEPLOYMENT_TARGET = 10.3;
				MTL_ENABLE_DEBUG_INFO = YES;
				ONLY_ACTIVE_ARCH = YES;
				SDKROOT = iphoneos;
				SWIFT_ACTIVE_COMPILATION_CONDITIONS = DEBUG;
				SWIFT_OPTIMIZATION_LEVEL = "-Onone";
			};
			name = Debug;
		};
		43687F221F40198C00526659 /* Release */ = {
			isa = XCBuildConfiguration;
			buildSettings = {
				ALWAYS_SEARCH_USER_PATHS = NO;
				CLANG_ANALYZER_NONNULL = YES;
				CLANG_ANALYZER_NUMBER_OBJECT_CONVERSION = YES_AGGRESSIVE;
				CLANG_CXX_LANGUAGE_STANDARD = "gnu++0x";
				CLANG_CXX_LIBRARY = "libc++";
				CLANG_ENABLE_MODULES = YES;
				CLANG_ENABLE_OBJC_ARC = YES;
				CLANG_WARN_BOOL_CONVERSION = YES;
				CLANG_WARN_CONSTANT_CONVERSION = YES;
				CLANG_WARN_DIRECT_OBJC_ISA_USAGE = YES_ERROR;
				CLANG_WARN_DOCUMENTATION_COMMENTS = YES;
				CLANG_WARN_EMPTY_BODY = YES;
				CLANG_WARN_ENUM_CONVERSION = YES;
				CLANG_WARN_INFINITE_RECURSION = YES;
				CLANG_WARN_INT_CONVERSION = YES;
				CLANG_WARN_OBJC_ROOT_CLASS = YES_ERROR;
				CLANG_WARN_SUSPICIOUS_MOVE = YES;
				CLANG_WARN_UNREACHABLE_CODE = YES;
				CLANG_WARN__DUPLICATE_METHOD_MATCH = YES;
				"CODE_SIGN_IDENTITY[sdk=iphoneos*]" = "iPhone Developer";
				COPY_PHASE_STRIP = NO;
				DEBUG_INFORMATION_FORMAT = "dwarf-with-dsym";
				ENABLE_NS_ASSERTIONS = NO;
				ENABLE_STRICT_OBJC_MSGSEND = YES;
				GCC_C_LANGUAGE_STANDARD = gnu99;
				GCC_NO_COMMON_BLOCKS = YES;
				GCC_WARN_64_TO_32_BIT_CONVERSION = YES;
				GCC_WARN_ABOUT_RETURN_TYPE = YES_ERROR;
				GCC_WARN_UNDECLARED_SELECTOR = YES;
				GCC_WARN_UNINITIALIZED_AUTOS = YES_AGGRESSIVE;
				GCC_WARN_UNUSED_FUNCTION = YES;
				GCC_WARN_UNUSED_VARIABLE = YES;
				IPHONEOS_DEPLOYMENT_TARGET = 10.3;
				MTL_ENABLE_DEBUG_INFO = NO;
				SDKROOT = iphoneos;
				SWIFT_OPTIMIZATION_LEVEL = "-Owholemodule";
				VALIDATE_PRODUCT = YES;
			};
			name = Release;
		};
		43687F241F40198C00526659 /* Debug */ = {
			isa = XCBuildConfiguration;
			buildSettings = {
				ASSETCATALOG_COMPILER_APPICON_NAME = AppIcon;
				INFOPLIST_FILE = readFile/Info.plist;
				LD_RUNPATH_SEARCH_PATHS = "$(inherited) @executable_path/Frameworks";
				PRODUCT_BUNDLE_IDENTIFIER = LC.readFile;
				PRODUCT_NAME = "$(TARGET_NAME)";
				SWIFT_VERSION = 3.0;
			};
			name = Debug;
		};
		43687F251F40198C00526659 /* Release */ = {
			isa = XCBuildConfiguration;
			buildSettings = {
				ASSETCATALOG_COMPILER_APPICON_NAME = AppIcon;
				INFOPLIST_FILE = readFile/Info.plist;
				LD_RUNPATH_SEARCH_PATHS = "$(inherited) @executable_path/Frameworks";
				PRODUCT_BUNDLE_IDENTIFIER = LC.readFile;
				PRODUCT_NAME = "$(TARGET_NAME)";
				SWIFT_VERSION = 3.0;
			};
			name = Release;
		};
/* End XCBuildConfiguration section */

/* Begin XCConfigurationList section */
		43687F0C1F40198C00526659 /* Build configuration list for PBXProject "readFile" */ = {
			isa = XCConfigurationList;
			buildConfigurations = (
				43687F211F40198C00526659 /* Debug */,
				43687F221F40198C00526659 /* Release */,
			);
			defaultConfigurationIsVisible = 0;
			defaultConfigurationName = Release;
		};
		43687F231F40198C00526659 /* Build configuration list for PBXNativeTarget "readFile" */ = {
			isa = XCConfigurationList;
			buildConfigurations = (
				43687F241F40198C00526659 /* Debug */,
				43687F251F40198C00526659 /* Release */,
			);
			defaultConfigurationIsVisible = 0;
		};
/* End XCConfigurationList section */
	};
	rootObject = 43687F091F40198C00526659 /* Project object */;
}
