// !$*UTF8*$!
{
	archiveVersion = 1;
	classes = {
	};
	objectVersion = 46;
	objects = {

/* Begin PBXBuildFile section */
		43D783451F372EB100FD587C /* AppDelegate.swift in Sources */ = {isa = PBXBuildFile; fileRef = 43D783441F372EB100FD587C /* AppDelegate.swift */; };
		43D783471F372EB100FD587C /* ViewController.swift in Sources */ = {isa = PBXBuildFile; fileRef = 43D783461F372EB100FD587C /* ViewController.swift */; };
		43D7834A1F372EB100FD587C /* Main.storyboard in Resources */ = {isa = PBXBuildFile; fileRef = 43D783481F372EB100FD587C /* Main.storyboard */; };
		43D7834C1F372EB100FD587C /* Assets.xcassets in Resources */ = {isa = PBXBuildFile; fileRef = 43D7834B1F372EB100FD587C /* Assets.xcassets */; };
		43D7834F1F372EB100FD587C /* LaunchScreen.storyboard in Resources */ = {isa = PBXBuildFile; fileRef = 43D7834D1F372EB100FD587C /* LaunchScreen.storyboard */; };
/* End PBXBuildFile section */

/* Begin PBXFileReference section */
		43D783411F372EB100FD587C /* longPress.app */ = {isa = PBXFileReference; explicitFileType = wrapper.application; includeInIndex = 0; path = longPress.app; sourceTree = BUILT_PRODUCTS_DIR; };
		43D783441F372EB100FD587C /* AppDelegate.swift */ = {isa = PBXFileReference; lastKnownFileType = sourcecode.swift; path = AppDelegate.swift; sourceTree = "<group>"; };
		43D783461F372EB100FD587C /* ViewController.swift */ = {isa = PBXFileReference; lastKnownFileType = sourcecode.swift; path = ViewController.swift; sourceTree = "<group>"; };
		43D783491F372EB100FD587C /* Base */ = {isa = PBXFileReference; lastKnownFileType = file.storyboard; name = Base; path = Base.lproj/Main.storyboard; sourceTree = "<group>"; };
		43D7834B1F372EB100FD587C /* Assets.xcassets */ = {isa = PBXFileReference; lastKnownFileType = folder.assetcatalog; path = Assets.xcassets; sourceTree = "<group>"; };
		43D7834E1F372EB100FD587C /* Base */ = {isa = PBXFileReference; lastKnownFileType = file.storyboard; name = Base; path = Base.lproj/LaunchScreen.storyboard; sourceTree = "<group>"; };
		43D783501F372EB200FD587C /* Info.plist */ = {isa = PBXFileReference; lastKnownFileType = text.plist.xml; path = Info.plist; sourceTree = "<group>"; };
/* End PBXFileReference section */

/* Begin PBXFrameworksBuildPhase section */
		43D7833E1F372EB000FD587C /* Frameworks */ = {
			isa = PBXFrameworksBuildPhase;
			buildActionMask = 2147483647;
			files = (
			);
			runOnlyForDeploymentPostprocessing = 0;
		};
/* End PBXFrameworksBuildPhase section */

/* Begin PBXGroup section */
		43D783381F372EB000FD587C = {
			isa = PBXGroup;
			children = (
				43D783431F372EB100FD587C /* longPress */,
				43D783421F372EB100FD587C /* Products */,
			);
			sourceTree = "<group>";
		};
		43D783421F372EB100FD587C /* Products */ = {
			isa = PBXGroup;
			children = (
				43D783411F372EB100FD587C /* longPress.app */,
			);
			name = Products;
			sourceTree = "<group>";
		};
		43D783431F372EB100FD587C /* longPress */ = {
			isa = PBXGroup;
			children = (
				43D783441F372EB100FD587C /* AppDelegate.swift */,
				43D783461F372EB100FD587C /* ViewController.swift */,
				43D783481F372EB100FD587C /* Main.storyboard */,
				43D7834B1F372EB100FD587C /* Assets.xcassets */,
				43D7834D1F372EB100FD587C /* LaunchScreen.storyboard */,
				43D783501F372EB200FD587C /* Info.plist */,
			);
			path = longPress;
			sourceTree = "<group>";
		};
/* End PBXGroup section */

/* Begin PBXNativeTarget section */
		43D783401F372EB000FD587C /* longPress */ = {
			isa = PBXNativeTarget;
			buildConfigurationList = 43D783531F372EB200FD587C /* Build configuration list for PBXNativeTarget "longPress" */;
			buildPhases = (
				43D7833D1F372EB000FD587C /* Sources */,
				43D7833E1F372EB000FD587C /* Frameworks */,
				43D7833F1F372EB000FD587C /* Resources */,
			);
			buildRules = (
			);
			dependencies = (
			);
			name = longPress;
			productName = longPress;
			productReference = 43D783411F372EB100FD587C /* longPress.app */;
			productType = "com.apple.product-type.application";
		};
/* End PBXNativeTarget section */

/* Begin PBXProject section */
		43D783391F372EB000FD587C /* Project object */ = {
			isa = PBXProject;
			attributes = {
				LastSwiftUpdateCheck = 0830;
				LastUpgradeCheck = 0830;
				ORGANIZATIONNAME = LCC;
				TargetAttributes = {
					43D783401F372EB000FD587C = {
						CreatedOnToolsVersion = 8.3.2;
						ProvisioningStyle = Automatic;
					};
				};
			};
			buildConfigurationList = 43D7833C1F372EB000FD587C /* Build configuration list for PBXProject "longPress" */;
			compatibilityVersion = "Xcode 3.2";
			developmentRegion = English;
			hasScannedForEncodings = 0;
			knownRegions = (
				en,
				Base,
			);
			mainGroup = 43D783381F372EB000FD587C;
			productRefGroup = 43D783421F372EB100FD587C /* Products */;
			projectDirPath = "";
			projectRoot = "";
			targets = (
				43D783401F372EB000FD587C /* longPress */,
			);
		};
/* End PBXProject section */

/* Begin PBXResourcesBuildPhase section */
		43D7833F1F372EB000FD587C /* Resources */ = {
			isa = PBXResourcesBuildPhase;
			buildActionMask = 2147483647;
			files = (
				43D7834F1F372EB100FD587C /* LaunchScreen.storyboard in Resources */,
				43D7834C1F372EB100FD587C /* Assets.xcassets in Resources */,
				43D7834A1F372EB100FD587C /* Main.storyboard in Resources */,
			);
			runOnlyForDeploymentPostprocessing = 0;
		};
/* End PBXResourcesBuildPhase section */

/* Begin PBXSourcesBuildPhase section */
		43D7833D1F372EB000FD587C /* Sources */ = {
			isa = PBXSourcesBuildPhase;
			buildActionMask = 2147483647;
			files = (
				43D783471F372EB100FD587C /* ViewController.swift in Sources */,
				43D783451F372EB100FD587C /* AppDelegate.swift in Sources */,
			);
			runOnlyForDeploymentPostprocessing = 0;
		};
/* End PBXSourcesBuildPhase section */

/* Begin PBXVariantGroup section */
		43D783481F372EB100FD587C /* Main.storyboard */ = {
			isa = PBXVariantGroup;
			children = (
				43D783491F372EB100FD587C /* Base */,
			);
			name = Main.storyboard;
			sourceTree = "<group>";
		};
		43D7834D1F372EB100FD587C /* LaunchScreen.storyboard */ = {
			isa = PBXVariantGroup;
			children = (
				43D7834E1F372EB100FD587C /* Base */,
			);
			name = LaunchScreen.storyboard;
			sourceTree = "<group>";
		};
/* End PBXVariantGroup section */

/* Begin XCBuildConfiguration section */
		43D783511F372EB200FD587C /* Debug */ = {
			isa = XCBuildConfiguration;
			buildSettings = {
				ALWAYS_SEARCH_USER_PATHS = NO;
				CLANG_ANALYZER_NONNULL = YES;
				CLANG_ANALYZER_NUMBER_OBJECT_CONVERSION = YES_AGGRESSIVE;
				CLANG_CXX_LANGUAGE_STANDARD = "gnu++0x";
				CLANG_CXX_LIBRARY = "libc++";
				CLANG_ENABLE_MODULES = YES;
				CLANG_ENABLE_OBJC_ARC = YES;
				CLANG_WARN_BOOL_CONVERSION = YES;
				CLANG_WARN_CONSTANT_CONVERSION = YES;
				CLANG_WARN_DIRECT_OBJC_ISA_USAGE = YES_ERROR;
				CLANG_WARN_DOCUMENTATION_COMMENTS = YES;
				CLANG_WARN_EMPTY_BODY = YES;
				CLANG_WARN_ENUM_CONVERSION = YES;
				CLANG_WARN_INFINITE_RECURSION = YES;
				CLANG_WARN_INT_CONVERSION = YES;
				CLANG_WARN_OBJC_ROOT_CLASS = YES_ERROR;
				CLANG_WARN_SUSPICIOUS_MOVE = YES;
				CLANG_WARN_UNREACHABLE_CODE = YES;
				CLANG_WARN__DUPLICATE_METHOD_MATCH = YES;
				"CODE_SIGN_IDENTITY[sdk=iphoneos*]" = "iPhone Developer";
				COPY_PHASE_STRIP = NO;
				DEBUG_INFORMATION_FORMAT = dwarf;
				ENABLE_STRICT_OBJC_MSGSEND = YES;
				ENABLE_TESTABILITY = YES;
				GCC_C_LANGUAGE_STANDARD = gnu99;
				GCC_DYNAMIC_NO_PIC = NO;
				GCC_NO_COMMON_BLOCKS = YES;
				GCC_OPTIMIZATION_LEVEL = 0;
				GCC_PREPROCESSOR_DEFINITIONS = (
					"DEBUG=1",
					"$(inherited)",
				);
				GCC_WARN_64_TO_32_BIT_CONVERSION = YES;
				GCC_WARN_ABOUT_RETURN_TYPE = YES_ERROR;
				GCC_WARN_UNDECLARED_SELECTOR = YES;
				GCC_WARN_UNINITIALIZED_AUTOS = YES_AGGRESSIVE;
				GCC_WARN_UNUSED_FUNCTION = YES;
				GCC_WARN_UNUSED_VARIABLE = YES;
				IPHONEOS_DEPLOYMENT_TARGET = 10.3;
				MTL_ENABLE_DEBUG_INFO = YES;
				ONLY_ACTIVE_ARCH = YES;
				SDKROOT = iphoneos;
				SWIFT_ACTIVE_COMPILATION_CONDITIONS = DEBUG;
				SWIFT_OPTIMIZATION_LEVEL = "-Onone";
			};
			name = Debug;
		};
		43D783521F372EB200FD587C /* Release */ = {
			isa = XCBuildConfiguration;
			buildSettings = {
				ALWAYS_SEARCH_USER_PATHS = NO;
				CLANG_ANALYZER_NONNULL = YES;
				CLANG_ANALYZER_NUMBER_OBJECT_CONVERSION = YES_AGGRESSIVE;
				CLANG_CXX_LANGUAGE_STANDARD = "gnu++0x";
				CLANG_CXX_LIBRARY = "libc++";
				CLANG_ENABLE_MODULES = YES;
				CLANG_ENABLE_OBJC_ARC = YES;
				CLANG_WARN_BOOL_CONVERSION = YES;
				CLANG_WARN_CONSTANT_CONVERSION = YES;
				CLANG_WARN_DIRECT_OBJC_ISA_USAGE = YES_ERROR;
				CLANG_WARN_DOCUMENTATION_COMMENTS = YES;
				CLANG_WARN_EMPTY_BODY = YES;
				CLANG_WARN_ENUM_CONVERSION = YES;
				CLANG_WARN_INFINITE_RECURSION = YES;
				CLANG_WARN_INT_CONVERSION = YES;
				CLANG_WARN_OBJC_ROOT_CLASS = YES_ERROR;
				CLANG_WARN_SUSPICIOUS_MOVE = YES;
				CLANG_WARN_UNREACHABLE_CODE = YES;
				CLANG_WARN__DUPLICATE_METHOD_MATCH = YES;
				"CODE_SIGN_IDENTITY[sdk=iphoneos*]" = "iPhone Developer";
				COPY_PHASE_STRIP = NO;
				DEBUG_INFORMATION_FORMAT = "dwarf-with-dsym";
				ENABLE_NS_ASSERTIONS = NO;
				ENABLE_STRICT_OBJC_MSGSEND = YES;
				GCC_C_LANGUAGE_STANDARD = gnu99;
				GCC_NO_COMMON_BLOCKS = YES;
				GCC_WARN_64_TO_32_BIT_CONVERSION = YES;
				GCC_WARN_ABOUT_RETURN_TYPE = YES_ERROR;
				GCC_WARN_UNDECLARED_SELECTOR = YES;
				GCC_WARN_UNINITIALIZED_AUTOS = YES_AGGRESSIVE;
				GCC_WARN_UNUSED_FUNCTION = YES;
				GCC_WARN_UNUSED_VARIABLE = YES;
				IPHONEOS_DEPLOYMENT_TARGET = 10.3;
				MTL_ENABLE_DEBUG_INFO = NO;
				SDKROOT = iphoneos;
				SWIFT_OPTIMIZATION_LEVEL = "-Owholemodule";
				VALIDATE_PRODUCT = YES;
			};
			name = Release;
		};
		43D783541F372EB200FD587C /* Debug */ = {
			isa = XCBuildConfiguration;
			buildSettings = {
				ASSETCATALOG_COMPILER_APPICON_NAME = AppIcon;
				INFOPLIST_FILE = longPress/Info.plist;
				LD_RUNPATH_SEARCH_PATHS = "$(inherited) @executable_path/Frameworks";
				PRODUCT_BUNDLE_IDENTIFIER = LC.longPress;
				PRODUCT_NAME = "$(TARGET_NAME)";
				SWIFT_VERSION = 3.0;
			};
			name = Debug;
		};
		43D783551F372EB200FD587C /* Release */ = {
			isa = XCBuildConfiguration;
			buildSettings = {
				ASSETCATALOG_COMPILER_APPICON_NAME = AppIcon;
				INFOPLIST_FILE = longPress/Info.plist;
				LD_RUNPATH_SEARCH_PATHS = "$(inherited) @executable_path/Frameworks";
				PRODUCT_BUNDLE_IDENTIFIER = LC.longPress;
				PRODUCT_NAME = "$(TARGET_NAME)";
				SWIFT_VERSION = 3.0;
			};
			name = Release;
		};
/* End XCBuildConfiguration section */

/* Begin XCConfigurationList section */
		43D7833C1F372EB000FD587C /* Build configuration list for PBXProject "longPress" */ = {
			isa = XCConfigurationList;
			buildConfigurations = (
				43D783511F372EB200FD587C /* Debug */,
				43D783521F372EB200FD587C /* Release */,
			);
			defaultConfigurationIsVisible = 0;
			defaultConfigurationName = Release;
		};
		43D783531F372EB200FD587C /* Build configuration list for PBXNativeTarget "longPress" */ = {
			isa = XCConfigurationList;
			buildConfigurations = (
				43D783541F372EB200FD587C /* Debug */,
				43D783551F372EB200FD587C /* Release */,
			);
			defaultConfigurationIsVisible = 0;
		};
/* End XCConfigurationList section */
	};
	rootObject = 43D783391F372EB000FD587C /* Project object */;
}
