// !$*UTF8*$!
{
	archiveVersion = 1;
	classes = {
	};
	objectVersion = 46;
	objects = {

/* Begin PBXBuildFile section */
		43DDF9F21F08894600241668 /* AppDelegate.swift in Sources */ = {isa = PBXBuildFile; fileRef = 43DDF9F11F08894600241668 /* AppDelegate.swift */; };
		43DDF9F41F08894600241668 /* ViewController.swift in Sources */ = {isa = PBXBuildFile; fileRef = 43DDF9F31F08894600241668 /* ViewController.swift */; };
		43DDF9F71F08894600241668 /* Main.storyboard in Resources */ = {isa = PBXBuildFile; fileRef = 43DDF9F51F08894600241668 /* Main.storyboard */; };
		43DDF9F91F08894600241668 /* Assets.xcassets in Resources */ = {isa = PBXBuildFile; fileRef = 43DDF9F81F08894600241668 /* Assets.xcassets */; };
		43DDF9FC1F08894600241668 /* LaunchScreen.storyboard in Resources */ = {isa = PBXBuildFile; fileRef = 43DDF9FA1F08894600241668 /* LaunchScreen.storyboard */; };
		43DDFA061F08BF6500241668 /* MyCell.swift in Sources */ = {isa = PBXBuildFile; fileRef = 43DDFA051F08BF6500241668 /* MyCell.swift */; };
/* End PBXBuildFile section */

/* Begin PBXFileReference section */
		43DDF9EE1F08894600241668 /* tableviewTest.app */ = {isa = PBXFileReference; explicitFileType = wrapper.application; includeInIndex = 0; path = tableviewTest.app; sourceTree = BUILT_PRODUCTS_DIR; };
		43DDF9F11F08894600241668 /* AppDelegate.swift */ = {isa = PBXFileReference; lastKnownFileType = sourcecode.swift; path = AppDelegate.swift; sourceTree = "<group>"; };
		43DDF9F31F08894600241668 /* ViewController.swift */ = {isa = PBXFileReference; lastKnownFileType = sourcecode.swift; path = ViewController.swift; sourceTree = "<group>"; };
		43DDF9F61F08894600241668 /* Base */ = {isa = PBXFileReference; lastKnownFileType = file.storyboard; name = Base; path = Base.lproj/Main.storyboard; sourceTree = "<group>"; };
		43DDF9F81F08894600241668 /* Assets.xcassets */ = {isa = PBXFileReference; lastKnownFileType = folder.assetcatalog; path = Assets.xcassets; sourceTree = "<group>"; };
		43DDF9FB1F08894600241668 /* Base */ = {isa = PBXFileReference; lastKnownFileType = file.storyboard; name = Base; path = Base.lproj/LaunchScreen.storyboard; sourceTree = "<group>"; };
		43DDF9FD1F08894600241668 /* Info.plist */ = {isa = PBXFileReference; lastKnownFileType = text.plist.xml; path = Info.plist; sourceTree = "<group>"; };
		43DDFA051F08BF6500241668 /* MyCell.swift */ = {isa = PBXFileReference; fileEncoding = 4; lastKnownFileType = sourcecode.swift; path = MyCell.swift; sourceTree = "<group>"; };
/* End PBXFileReference section */

/* Begin PBXFrameworksBuildPhase section */
		43DDF9EB1F08894600241668 /* Frameworks */ = {
			isa = PBXFrameworksBuildPhase;
			buildActionMask = 2147483647;
			files = (
			);
			runOnlyForDeploymentPostprocessing = 0;
		};
/* End PBXFrameworksBuildPhase section */

/* Begin PBXGroup section */
		43DDF9E51F08894600241668 = {
			isa = PBXGroup;
			children = (
				43DDFA051F08BF6500241668 /* MyCell.swift */,
				43DDF9F01F08894600241668 /* tableviewTest */,
				43DDF9EF1F08894600241668 /* Products */,
			);
			sourceTree = "<group>";
		};
		43DDF9EF1F08894600241668 /* Products */ = {
			isa = PBXGroup;
			children = (
				43DDF9EE1F08894600241668 /* tableviewTest.app */,
			);
			name = Products;
			sourceTree = "<group>";
		};
		43DDF9F01F08894600241668 /* tableviewTest */ = {
			isa = PBXGroup;
			children = (
				43DDF9F11F08894600241668 /* AppDelegate.swift */,
				43DDF9F31F08894600241668 /* ViewController.swift */,
				43DDF9F51F08894600241668 /* Main.storyboard */,
				43DDF9F81F08894600241668 /* Assets.xcassets */,
				43DDF9FA1F08894600241668 /* LaunchScreen.storyboard */,
				43DDF9FD1F08894600241668 /* Info.plist */,
			);
			path = tableviewTest;
			sourceTree = "<group>";
		};
/* End PBXGroup section */

/* Begin PBXNativeTarget section */
		43DDF9ED1F08894600241668 /* tableviewTest */ = {
			isa = PBXNativeTarget;
			buildConfigurationList = 43DDFA001F08894600241668 /* Build configuration list for PBXNativeTarget "tableviewTest" */;
			buildPhases = (
				43DDF9EA1F08894600241668 /* Sources */,
				43DDF9EB1F08894600241668 /* Frameworks */,
				43DDF9EC1F08894600241668 /* Resources */,
			);
			buildRules = (
			);
			dependencies = (
			);
			name = tableviewTest;
			productName = tableviewTest;
			productReference = 43DDF9EE1F08894600241668 /* tableviewTest.app */;
			productType = "com.apple.product-type.application";
		};
/* End PBXNativeTarget section */

/* Begin PBXProject section */
		43DDF9E61F08894600241668 /* Project object */ = {
			isa = PBXProject;
			attributes = {
				LastSwiftUpdateCheck = 0830;
				LastUpgradeCheck = 0830;
				ORGANIZATIONNAME = LCC;
				TargetAttributes = {
					43DDF9ED1F08894600241668 = {
						CreatedOnToolsVersion = 8.3.2;
						ProvisioningStyle = Automatic;
					};
				};
			};
			buildConfigurationList = 43DDF9E91F08894600241668 /* Build configuration list for PBXProject "tableviewTest" */;
			compatibilityVersion = "Xcode 3.2";
			developmentRegion = English;
			hasScannedForEncodings = 0;
			knownRegions = (
				en,
				Base,
			);
			mainGroup = 43DDF9E51F08894600241668;
			productRefGroup = 43DDF9EF1F08894600241668 /* Products */;
			projectDirPath = "";
			projectRoot = "";
			targets = (
				43DDF9ED1F08894600241668 /* tableviewTest */,
			);
		};
/* End PBXProject section */

/* Begin PBXResourcesBuildPhase section */
		43DDF9EC1F08894600241668 /* Resources */ = {
			isa = PBXResourcesBuildPhase;
			buildActionMask = 2147483647;
			files = (
				43DDF9FC1F08894600241668 /* LaunchScreen.storyboard in Resources */,
				43DDF9F91F08894600241668 /* Assets.xcassets in Resources */,
				43DDF9F71F08894600241668 /* Main.storyboard in Resources */,
			);
			runOnlyForDeploymentPostprocessing = 0;
		};
/* End PBXResourcesBuildPhase section */

/* Begin PBXSourcesBuildPhase section */
		43DDF9EA1F08894600241668 /* Sources */ = {
			isa = PBXSourcesBuildPhase;
			buildActionMask = 2147483647;
			files = (
				43DDFA061F08BF6500241668 /* MyCell.swift in Sources */,
				43DDF9F41F08894600241668 /* ViewController.swift in Sources */,
				43DDF9F21F08894600241668 /* AppDelegate.swift in Sources */,
			);
			runOnlyForDeploymentPostprocessing = 0;
		};
/* End PBXSourcesBuildPhase section */

/* Begin PBXVariantGroup section */
		43DDF9F51F08894600241668 /* Main.storyboard */ = {
			isa = PBXVariantGroup;
			children = (
				43DDF9F61F08894600241668 /* Base */,
			);
			name = Main.storyboard;
			sourceTree = "<group>";
		};
		43DDF9FA1F08894600241668 /* LaunchScreen.storyboard */ = {
			isa = PBXVariantGroup;
			children = (
				43DDF9FB1F08894600241668 /* Base */,
			);
			name = LaunchScreen.storyboard;
			sourceTree = "<group>";
		};
/* End PBXVariantGroup section */

/* Begin XCBuildConfiguration section */
		43DDF9FE1F08894600241668 /* Debug */ = {
			isa = XCBuildConfiguration;
			buildSettings = {
				ALWAYS_SEARCH_USER_PATHS = NO;
				CLANG_ANALYZER_NONNULL = YES;
				CLANG_ANALYZER_NUMBER_OBJECT_CONVERSION = YES_AGGRESSIVE;
				CLANG_CXX_LANGUAGE_STANDARD = "gnu++0x";
				CLANG_CXX_LIBRARY = "libc++";
				CLANG_ENABLE_MODULES = YES;
				CLANG_ENABLE_OBJC_ARC = YES;
				CLANG_WARN_BOOL_CONVERSION = YES;
				CLANG_WARN_CONSTANT_CONVERSION = YES;
				CLANG_WARN_DIRECT_OBJC_ISA_USAGE = YES_ERROR;
				CLANG_WARN_DOCUMENTATION_COMMENTS = YES;
				CLANG_WARN_EMPTY_BODY = YES;
				CLANG_WARN_ENUM_CONVERSION = YES;
				CLANG_WARN_INFINITE_RECURSION = YES;
				CLANG_WARN_INT_CONVERSION = YES;
				CLANG_WARN_OBJC_ROOT_CLASS = YES_ERROR;
				CLANG_WARN_SUSPICIOUS_MOVE = YES;
				CLANG_WARN_UNREACHABLE_CODE = YES;
				CLANG_WARN__DUPLICATE_METHOD_MATCH = YES;
				"CODE_SIGN_IDENTITY[sdk=iphoneos*]" = "iPhone Developer";
				COPY_PHASE_STRIP = NO;
				DEBUG_INFORMATION_FORMAT = dwarf;
				ENABLE_STRICT_OBJC_MSGSEND = YES;
				ENABLE_TESTABILITY = YES;
				GCC_C_LANGUAGE_STANDARD = gnu99;
				GCC_DYNAMIC_NO_PIC = NO;
				GCC_NO_COMMON_BLOCKS = YES;
				GCC_OPTIMIZATION_LEVEL = 0;
				GCC_PREPROCESSOR_DEFINITIONS = (
					"DEBUG=1",
					"$(inherited)",
				);
				GCC_WARN_64_TO_32_BIT_CONVERSION = YES;
				GCC_WARN_ABOUT_RETURN_TYPE = YES_ERROR;
				GCC_WARN_UNDECLARED_SELECTOR = YES;
				GCC_WARN_UNINITIALIZED_AUTOS = YES_AGGRESSIVE;
				GCC_WARN_UNUSED_FUNCTION = YES;
				GCC_WARN_UNUSED_VARIABLE = YES;
				IPHONEOS_DEPLOYMENT_TARGET = 10.3;
				MTL_ENABLE_DEBUG_INFO = YES;
				ONLY_ACTIVE_ARCH = YES;
				SDKROOT = iphoneos;
				SWIFT_ACTIVE_COMPILATION_CONDITIONS = DEBUG;
				SWIFT_OPTIMIZATION_LEVEL = "-Onone";
			};
			name = Debug;
		};
		43DDF9FF1F08894600241668 /* Release */ = {
			isa = XCBuildConfiguration;
			buildSettings = {
				ALWAYS_SEARCH_USER_PATHS = NO;
				CLANG_ANALYZER_NONNULL = YES;
				CLANG_ANALYZER_NUMBER_OBJECT_CONVERSION = YES_AGGRESSIVE;
				CLANG_CXX_LANGUAGE_STANDARD = "gnu++0x";
				CLANG_CXX_LIBRARY = "libc++";
				CLANG_ENABLE_MODULES = YES;
				CLANG_ENABLE_OBJC_ARC = YES;
				CLANG_WARN_BOOL_CONVERSION = YES;
				CLANG_WARN_CONSTANT_CONVERSION = YES;
				CLANG_WARN_DIRECT_OBJC_ISA_USAGE = YES_ERROR;
				CLANG_WARN_DOCUMENTATION_COMMENTS = YES;
				CLANG_WARN_EMPTY_BODY = YES;
				CLANG_WARN_ENUM_CONVERSION = YES;
				CLANG_WARN_INFINITE_RECURSION = YES;
				CLANG_WARN_INT_CONVERSION = YES;
				CLANG_WARN_OBJC_ROOT_CLASS = YES_ERROR;
				CLANG_WARN_SUSPICIOUS_MOVE = YES;
				CLANG_WARN_UNREACHABLE_CODE = YES;
				CLANG_WARN__DUPLICATE_METHOD_MATCH = YES;
				"CODE_SIGN_IDENTITY[sdk=iphoneos*]" = "iPhone Developer";
				COPY_PHASE_STRIP = NO;
				DEBUG_INFORMATION_FORMAT = "dwarf-with-dsym";
				ENABLE_NS_ASSERTIONS = NO;
				ENABLE_STRICT_OBJC_MSGSEND = YES;
				GCC_C_LANGUAGE_STANDARD = gnu99;
				GCC_NO_COMMON_BLOCKS = YES;
				GCC_WARN_64_TO_32_BIT_CONVERSION = YES;
				GCC_WARN_ABOUT_RETURN_TYPE = YES_ERROR;
				GCC_WARN_UNDECLARED_SELECTOR = YES;
				GCC_WARN_UNINITIALIZED_AUTOS = YES_AGGRESSIVE;
				GCC_WARN_UNUSED_FUNCTION = YES;
				GCC_WARN_UNUSED_VARIABLE = YES;
				IPHONEOS_DEPLOYMENT_TARGET = 10.3;
				MTL_ENABLE_DEBUG_INFO = NO;
				SDKROOT = iphoneos;
				SWIFT_OPTIMIZATION_LEVEL = "-Owholemodule";
				VALIDATE_PRODUCT = YES;
			};
			name = Release;
		};
		43DDFA011F08894600241668 /* Debug */ = {
			isa = XCBuildConfiguration;
			buildSettings = {
				ASSETCATALOG_COMPILER_APPICON_NAME = AppIcon;
				INFOPLIST_FILE = tableviewTest/Info.plist;
				LD_RUNPATH_SEARCH_PATHS = "$(inherited) @executable_path/Frameworks";
				PRODUCT_BUNDLE_IDENTIFIER = LC.tableviewTest;
				PRODUCT_NAME = "$(TARGET_NAME)";
				SWIFT_VERSION = 3.0;
			};
			name = Debug;
		};
		43DDFA021F08894600241668 /* Release */ = {
			isa = XCBuildConfiguration;
			buildSettings = {
				ASSETCATALOG_COMPILER_APPICON_NAME = AppIcon;
				INFOPLIST_FILE = tableviewTest/Info.plist;
				LD_RUNPATH_SEARCH_PATHS = "$(inherited) @executable_path/Frameworks";
				PRODUCT_BUNDLE_IDENTIFIER = LC.tableviewTest;
				PRODUCT_NAME = "$(TARGET_NAME)";
				SWIFT_VERSION = 3.0;
			};
			name = Release;
		};
/* End XCBuildConfiguration section */

/* Begin XCConfigurationList section */
		43DDF9E91F08894600241668 /* Build configuration list for PBXProject "tableviewTest" */ = {
			isa = XCConfigurationList;
			buildConfigurations = (
				43DDF9FE1F08894600241668 /* Debug */,
				43DDF9FF1F08894600241668 /* Release */,
			);
			defaultConfigurationIsVisible = 0;
			defaultConfigurationName = Release;
		};
		43DDFA001F08894600241668 /* Build configuration list for PBXNativeTarget "tableviewTest" */ = {
			isa = XCConfigurationList;
			buildConfigurations = (
				43DDFA011F08894600241668 /* Debug */,
				43DDFA021F08894600241668 /* Release */,
			);
			defaultConfigurationIsVisible = 0;
		};
/* End XCConfigurationList section */
	};
	rootObject = 43DDF9E61F08894600241668 /* Project object */;
}
