// !$*UTF8*$!
{
	archiveVersion = 1;
	classes = {
	};
	objectVersion = 46;
	objects = {

/* Begin PBXBuildFile section */
		4305656C1F525F6800E3293A /* greensleeves.mp3 in Resources */ = {isa = PBXBuildFile; fileRef = 430565671F525F6800E3293A /* greensleeves.mp3 */; };
		4305656D1F525F6800E3293A /* mario.mp3 in Resources */ = {isa = PBXBuildFile; fileRef = 430565681F525F6800E3293A /* mario.mp3 */; };
		4305656E1F525F6800E3293A /* songbird.mp3 in Resources */ = {isa = PBXBuildFile; fileRef = 430565691F525F6800E3293A /* songbird.mp3 */; };
		4305656F1F525F6800E3293A /* summersong.mp3 in Resources */ = {isa = PBXBuildFile; fileRef = 4305656A1F525F6800E3293A /* summersong.mp3 */; };
		430565701F525F6800E3293A /* tradewinds.mp3 in Resources */ = {isa = PBXBuildFile; fileRef = 4305656B1F525F6800E3293A /* tradewinds.mp3 */; };
		4369146E1F49772800199DF6 /* AppDelegate.swift in Sources */ = {isa = PBXBuildFile; fileRef = 4369146D1F49772800199DF6 /* AppDelegate.swift */; };
		436914701F49772800199DF6 /* ViewController.swift in Sources */ = {isa = PBXBuildFile; fileRef = 4369146F1F49772800199DF6 /* ViewController.swift */; };
		436914731F49772800199DF6 /* Main.storyboard in Resources */ = {isa = PBXBuildFile; fileRef = 436914711F49772800199DF6 /* Main.storyboard */; };
		436914751F49772800199DF6 /* Assets.xcassets in Resources */ = {isa = PBXBuildFile; fileRef = 436914741F49772800199DF6 /* Assets.xcassets */; };
		436914781F49772800199DF6 /* LaunchScreen.storyboard in Resources */ = {isa = PBXBuildFile; fileRef = 436914761F49772800199DF6 /* LaunchScreen.storyboard */; };
/* End PBXBuildFile section */

/* Begin PBXFileReference section */
		430565671F525F6800E3293A /* greensleeves.mp3 */ = {isa = PBXFileReference; lastKnownFileType = audio.mp3; path = greensleeves.mp3; sourceTree = "<group>"; };
		430565681F525F6800E3293A /* mario.mp3 */ = {isa = PBXFileReference; lastKnownFileType = audio.mp3; path = mario.mp3; sourceTree = "<group>"; };
		430565691F525F6800E3293A /* songbird.mp3 */ = {isa = PBXFileReference; lastKnownFileType = audio.mp3; path = songbird.mp3; sourceTree = "<group>"; };
		4305656A1F525F6800E3293A /* summersong.mp3 */ = {isa = PBXFileReference; lastKnownFileType = audio.mp3; path = summersong.mp3; sourceTree = "<group>"; };
		4305656B1F525F6800E3293A /* tradewinds.mp3 */ = {isa = PBXFileReference; lastKnownFileType = audio.mp3; path = tradewinds.mp3; sourceTree = "<group>"; };
		4369146A1F49772800199DF6 /* mp3Test.app */ = {isa = PBXFileReference; explicitFileType = wrapper.application; includeInIndex = 0; path = mp3Test.app; sourceTree = BUILT_PRODUCTS_DIR; };
		4369146D1F49772800199DF6 /* AppDelegate.swift */ = {isa = PBXFileReference; lastKnownFileType = sourcecode.swift; path = AppDelegate.swift; sourceTree = "<group>"; };
		4369146F1F49772800199DF6 /* ViewController.swift */ = {isa = PBXFileReference; lastKnownFileType = sourcecode.swift; path = ViewController.swift; sourceTree = "<group>"; };
		436914721F49772800199DF6 /* Base */ = {isa = PBXFileReference; lastKnownFileType = file.storyboard; name = Base; path = Base.lproj/Main.storyboard; sourceTree = "<group>"; };
		436914741F49772800199DF6 /* Assets.xcassets */ = {isa = PBXFileReference; lastKnownFileType = folder.assetcatalog; path = Assets.xcassets; sourceTree = "<group>"; };
		436914771F49772800199DF6 /* Base */ = {isa = PBXFileReference; lastKnownFileType = file.storyboard; name = Base; path = Base.lproj/LaunchScreen.storyboard; sourceTree = "<group>"; };
		436914791F49772800199DF6 /* Info.plist */ = {isa = PBXFileReference; lastKnownFileType = text.plist.xml; path = Info.plist; sourceTree = "<group>"; };
/* End PBXFileReference section */

/* Begin PBXFrameworksBuildPhase section */
		436914671F49772800199DF6 /* Frameworks */ = {
			isa = PBXFrameworksBuildPhase;
			buildActionMask = 2147483647;
			files = (
			);
			runOnlyForDeploymentPostprocessing = 0;
		};
/* End PBXFrameworksBuildPhase section */

/* Begin PBXGroup section */
		430565661F525F6800E3293A /* music */ = {
			isa = PBXGroup;
			children = (
				430565671F525F6800E3293A /* greensleeves.mp3 */,
				430565681F525F6800E3293A /* mario.mp3 */,
				430565691F525F6800E3293A /* songbird.mp3 */,
				4305656A1F525F6800E3293A /* summersong.mp3 */,
				4305656B1F525F6800E3293A /* tradewinds.mp3 */,
			);
			path = music;
			sourceTree = "<group>";
		};
		436914611F49772800199DF6 = {
			isa = PBXGroup;
			children = (
				4369146C1F49772800199DF6 /* mp3Test */,
				4369146B1F49772800199DF6 /* Products */,
			);
			sourceTree = "<group>";
		};
		4369146B1F49772800199DF6 /* Products */ = {
			isa = PBXGroup;
			children = (
				4369146A1F49772800199DF6 /* mp3Test.app */,
			);
			name = Products;
			sourceTree = "<group>";
		};
		4369146C1F49772800199DF6 /* mp3Test */ = {
			isa = PBXGroup;
			children = (
				430565661F525F6800E3293A /* music */,
				4369146D1F49772800199DF6 /* AppDelegate.swift */,
				4369146F1F49772800199DF6 /* ViewController.swift */,
				436914711F49772800199DF6 /* Main.storyboard */,
				436914741F49772800199DF6 /* Assets.xcassets */,
				436914761F49772800199DF6 /* LaunchScreen.storyboard */,
				436914791F49772800199DF6 /* Info.plist */,
			);
			path = mp3Test;
			sourceTree = "<group>";
		};
/* End PBXGroup section */

/* Begin PBXNativeTarget section */
		436914691F49772800199DF6 /* mp3Test */ = {
			isa = PBXNativeTarget;
			buildConfigurationList = 4369147C1F49772800199DF6 /* Build configuration list for PBXNativeTarget "mp3Test" */;
			buildPhases = (
				436914661F49772800199DF6 /* Sources */,
				436914671F49772800199DF6 /* Frameworks */,
				436914681F49772800199DF6 /* Resources */,
			);
			buildRules = (
			);
			dependencies = (
			);
			name = mp3Test;
			productName = mp3Test;
			productReference = 4369146A1F49772800199DF6 /* mp3Test.app */;
			productType = "com.apple.product-type.application";
		};
/* End PBXNativeTarget section */

/* Begin PBXProject section */
		436914621F49772800199DF6 /* Project object */ = {
			isa = PBXProject;
			attributes = {
				LastSwiftUpdateCheck = 0830;
				LastUpgradeCheck = 0830;
				ORGANIZATIONNAME = LCC;
				TargetAttributes = {
					436914691F49772800199DF6 = {
						CreatedOnToolsVersion = 8.3.2;
						ProvisioningStyle = Automatic;
					};
				};
			};
			buildConfigurationList = 436914651F49772800199DF6 /* Build configuration list for PBXProject "mp3Test" */;
			compatibilityVersion = "Xcode 3.2";
			developmentRegion = English;
			hasScannedForEncodings = 0;
			knownRegions = (
				en,
				Base,
			);
			mainGroup = 436914611F49772800199DF6;
			productRefGroup = 4369146B1F49772800199DF6 /* Products */;
			projectDirPath = "";
			projectRoot = "";
			targets = (
				436914691F49772800199DF6 /* mp3Test */,
			);
		};
/* End PBXProject section */

/* Begin PBXResourcesBuildPhase section */
		436914681F49772800199DF6 /* Resources */ = {
			isa = PBXResourcesBuildPhase;
			buildActionMask = 2147483647;
			files = (
				4305656E1F525F6800E3293A /* songbird.mp3 in Resources */,
				430565701F525F6800E3293A /* tradewinds.mp3 in Resources */,
				436914781F49772800199DF6 /* LaunchScreen.storyboard in Resources */,
				4305656F1F525F6800E3293A /* summersong.mp3 in Resources */,
				436914751F49772800199DF6 /* Assets.xcassets in Resources */,
				4305656D1F525F6800E3293A /* mario.mp3 in Resources */,
				4305656C1F525F6800E3293A /* greensleeves.mp3 in Resources */,
				436914731F49772800199DF6 /* Main.storyboard in Resources */,
			);
			runOnlyForDeploymentPostprocessing = 0;
		};
/* End PBXResourcesBuildPhase section */

/* Begin PBXSourcesBuildPhase section */
		436914661F49772800199DF6 /* Sources */ = {
			isa = PBXSourcesBuildPhase;
			buildActionMask = 2147483647;
			files = (
				436914701F49772800199DF6 /* ViewController.swift in Sources */,
				4369146E1F49772800199DF6 /* AppDelegate.swift in Sources */,
			);
			runOnlyForDeploymentPostprocessing = 0;
		};
/* End PBXSourcesBuildPhase section */

/* Begin PBXVariantGroup section */
		436914711F49772800199DF6 /* Main.storyboard */ = {
			isa = PBXVariantGroup;
			children = (
				436914721F49772800199DF6 /* Base */,
			);
			name = Main.storyboard;
			sourceTree = "<group>";
		};
		436914761F49772800199DF6 /* LaunchScreen.storyboard */ = {
			isa = PBXVariantGroup;
			children = (
				436914771F49772800199DF6 /* Base */,
			);
			name = LaunchScreen.storyboard;
			sourceTree = "<group>";
		};
/* End PBXVariantGroup section */

/* Begin XCBuildConfiguration section */
		4369147A1F49772800199DF6 /* Debug */ = {
			isa = XCBuildConfiguration;
			buildSettings = {
				ALWAYS_SEARCH_USER_PATHS = NO;
				CLANG_ANALYZER_NONNULL = YES;
				CLANG_ANALYZER_NUMBER_OBJECT_CONVERSION = YES_AGGRESSIVE;
				CLANG_CXX_LANGUAGE_STANDARD = "gnu++0x";
				CLANG_CXX_LIBRARY = "libc++";
				CLANG_ENABLE_MODULES = YES;
				CLANG_ENABLE_OBJC_ARC = YES;
				CLANG_WARN_BOOL_CONVERSION = YES;
				CLANG_WARN_CONSTANT_CONVERSION = YES;
				CLANG_WARN_DIRECT_OBJC_ISA_USAGE = YES_ERROR;
				CLANG_WARN_DOCUMENTATION_COMMENTS = YES;
				CLANG_WARN_EMPTY_BODY = YES;
				CLANG_WARN_ENUM_CONVERSION = YES;
				CLANG_WARN_INFINITE_RECURSION = YES;
				CLANG_WARN_INT_CONVERSION = YES;
				CLANG_WARN_OBJC_ROOT_CLASS = YES_ERROR;
				CLANG_WARN_SUSPICIOUS_MOVE = YES;
				CLANG_WARN_UNREACHABLE_CODE = YES;
				CLANG_WARN__DUPLICATE_METHOD_MATCH = YES;
				"CODE_SIGN_IDENTITY[sdk=iphoneos*]" = "iPhone Developer";
				COPY_PHASE_STRIP = NO;
				DEBUG_INFORMATION_FORMAT = dwarf;
				ENABLE_STRICT_OBJC_MSGSEND = YES;
				ENABLE_TESTABILITY = YES;
				GCC_C_LANGUAGE_STANDARD = gnu99;
				GCC_DYNAMIC_NO_PIC = NO;
				GCC_NO_COMMON_BLOCKS = YES;
				GCC_OPTIMIZATION_LEVEL = 0;
				GCC_PREPROCESSOR_DEFINITIONS = (
					"DEBUG=1",
					"$(inherited)",
				);
				GCC_WARN_64_TO_32_BIT_CONVERSION = YES;
				GCC_WARN_ABOUT_RETURN_TYPE = YES_ERROR;
				GCC_WARN_UNDECLARED_SELECTOR = YES;
				GCC_WARN_UNINITIALIZED_AUTOS = YES_AGGRESSIVE;
				GCC_WARN_UNUSED_FUNCTION = YES;
				GCC_WARN_UNUSED_VARIABLE = YES;
				IPHONEOS_DEPLOYMENT_TARGET = 10.3;
				MTL_ENABLE_DEBUG_INFO = YES;
				ONLY_ACTIVE_ARCH = YES;
				SDKROOT = iphoneos;
				SWIFT_ACTIVE_COMPILATION_CONDITIONS = DEBUG;
				SWIFT_OPTIMIZATION_LEVEL = "-Onone";
			};
			name = Debug;
		};
		4369147B1F49772800199DF6 /* Release */ = {
			isa = XCBuildConfiguration;
			buildSettings = {
				ALWAYS_SEARCH_USER_PATHS = NO;
				CLANG_ANALYZER_NONNULL = YES;
				CLANG_ANALYZER_NUMBER_OBJECT_CONVERSION = YES_AGGRESSIVE;
				CLANG_CXX_LANGUAGE_STANDARD = "gnu++0x";
				CLANG_CXX_LIBRARY = "libc++";
				CLANG_ENABLE_MODULES = YES;
				CLANG_ENABLE_OBJC_ARC = YES;
				CLANG_WARN_BOOL_CONVERSION = YES;
				CLANG_WARN_CONSTANT_CONVERSION = YES;
				CLANG_WARN_DIRECT_OBJC_ISA_USAGE = YES_ERROR;
				CLANG_WARN_DOCUMENTATION_COMMENTS = YES;
				CLANG_WARN_EMPTY_BODY = YES;
				CLANG_WARN_ENUM_CONVERSION = YES;
				CLANG_WARN_INFINITE_RECURSION = YES;
				CLANG_WARN_INT_CONVERSION = YES;
				CLANG_WARN_OBJC_ROOT_CLASS = YES_ERROR;
				CLANG_WARN_SUSPICIOUS_MOVE = YES;
				CLANG_WARN_UNREACHABLE_CODE = YES;
				CLANG_WARN__DUPLICATE_METHOD_MATCH = YES;
				"CODE_SIGN_IDENTITY[sdk=iphoneos*]" = "iPhone Developer";
				COPY_PHASE_STRIP = NO;
				DEBUG_INFORMATION_FORMAT = "dwarf-with-dsym";
				ENABLE_NS_ASSERTIONS = NO;
				ENABLE_STRICT_OBJC_MSGSEND = YES;
				GCC_C_LANGUAGE_STANDARD = gnu99;
				GCC_NO_COMMON_BLOCKS = YES;
				GCC_WARN_64_TO_32_BIT_CONVERSION = YES;
				GCC_WARN_ABOUT_RETURN_TYPE = YES_ERROR;
				GCC_WARN_UNDECLARED_SELECTOR = YES;
				GCC_WARN_UNINITIALIZED_AUTOS = YES_AGGRESSIVE;
				GCC_WARN_UNUSED_FUNCTION = YES;
				GCC_WARN_UNUSED_VARIABLE = YES;
				IPHONEOS_DEPLOYMENT_TARGET = 10.3;
				MTL_ENABLE_DEBUG_INFO = NO;
				SDKROOT = iphoneos;
				SWIFT_OPTIMIZATION_LEVEL = "-Owholemodule";
				VALIDATE_PRODUCT = YES;
			};
			name = Release;
		};
		4369147D1F49772800199DF6 /* Debug */ = {
			isa = XCBuildConfiguration;
			buildSettings = {
				ASSETCATALOG_COMPILER_APPICON_NAME = AppIcon;
				INFOPLIST_FILE = mp3Test/Info.plist;
				LD_RUNPATH_SEARCH_PATHS = "$(inherited) @executable_path/Frameworks";
				PRODUCT_BUNDLE_IDENTIFIER = LC.mp3Test;
				PRODUCT_NAME = "$(TARGET_NAME)";
				SWIFT_VERSION = 3.0;
			};
			name = Debug;
		};
		4369147E1F49772800199DF6 /* Release */ = {
			isa = XCBuildConfiguration;
			buildSettings = {
				ASSETCATALOG_COMPILER_APPICON_NAME = AppIcon;
				INFOPLIST_FILE = mp3Test/Info.plist;
				LD_RUNPATH_SEARCH_PATHS = "$(inherited) @executable_path/Frameworks";
				PRODUCT_BUNDLE_IDENTIFIER = LC.mp3Test;
				PRODUCT_NAME = "$(TARGET_NAME)";
				SWIFT_VERSION = 3.0;
			};
			name = Release;
		};
/* End XCBuildConfiguration section */

/* Begin XCConfigurationList section */
		436914651F49772800199DF6 /* Build configuration list for PBXProject "mp3Test" */ = {
			isa = XCConfigurationList;
			buildConfigurations = (
				4369147A1F49772800199DF6 /* Debug */,
				4369147B1F49772800199DF6 /* Release */,
			);
			defaultConfigurationIsVisible = 0;
			defaultConfigurationName = Release;
		};
		4369147C1F49772800199DF6 /* Build configuration list for PBXNativeTarget "mp3Test" */ = {
			isa = XCConfigurationList;
			buildConfigurations = (
				4369147D1F49772800199DF6 /* Debug */,
				4369147E1F49772800199DF6 /* Release */,
			);
			defaultConfigurationIsVisible = 0;
			defaultConfigurationName = Release;
		};
/* End XCConfigurationList section */
	};
	rootObject = 436914621F49772800199DF6 /* Project object */;
}
